
Microsoft Visual Studio Solution File, Format Version 12.00
# Visual Studio Version 17
VisualStudioVersion = 17.9.34728.123
MinimumVisualStudioVersion = 10.0.40219.1
Project("{FAE04EC0-301F-11D3-BF4B-00C04F79EFBC}") = "LibraryManagementSystem", "LibraryManagementSystem\LibraryManagementSystem.csproj", "{A2AA503A-7F81-4F1D-8AED-A797A8691BC9}"
EndProject
Project("{FAE04EC0-301F-11D3-BF4B-00C04F79EFBC}") = "Infrastructure", "Infrastructure\Infrastructure.csproj", "{2F95BFC6-8916-47B6-A67F-BCB9355D04DB}"
EndProject
Project("{FAE04EC0-301F-11D3-BF4B-00C04F79EFBC}") = "Application", "Application\Application.csproj", "{46069598-2C42-4BC0-A99B-A233901ED6FA}"
EndProject
Global
	GlobalSection(SolutionConfigurationPlatforms) = preSolution
		Debug|Any CPU = Debug|Any CPU
		Release|Any CPU = Release|Any CPU
	EndGlobalSection
	GlobalSection(ProjectConfigurationPlatforms) = postSolution
		{A2AA503A-7F81-4F1D-8AED-A797A8691BC9}.Debug|Any CPU.ActiveCfg = Debug|Any CPU
		{A2AA503A-7F81-4F1D-8AED-A797A8691BC9}.Debug|Any CPU.Build.0 = Debug|Any CPU
		{A2AA503A-7F81-4F1D-8AED-A797A8691BC9}.Release|Any CPU.ActiveCfg = Release|Any CPU
		{A2AA503A-7F81-4F1D-8AED-A797A8691BC9}.Release|Any CPU.Build.0 = Release|Any CPU
		{2F95BFC6-8916-47B6-A67F-BCB9355D04DB}.Debug|Any CPU.ActiveCfg = Debug|Any CPU
		{2F95BFC6-8916-47B6-A67F-BCB9355D04DB}.Debug|Any CPU.Build.0 = Debug|Any CPU
		{2F95BFC6-8916-47B6-A67F-BCB9355D04DB}.Release|Any CPU.ActiveCfg = Release|Any CPU
		{2F95BFC6-8916-47B6-A67F-BCB9355D04DB}.Release|Any CPU.Build.0 = Release|Any CPU
		{46069598-2C42-4BC0-A99B-A233901ED6FA}.Debug|Any CPU.ActiveCfg = Debug|Any CPU
		{46069598-2C42-4BC0-A99B-A233901ED6FA}.Debug|Any CPU.Build.0 = Debug|Any CPU
		{46069598-2C42-4BC0-A99B-A233901ED6FA}.Release|Any CPU.ActiveCfg = Release|Any CPU
		{46069598-2C42-4BC0-A99B-A233901ED6FA}.Release|Any CPU.Build.0 = Release|Any CPU
	EndGlobalSection
	GlobalSection(SolutionProperties) = preSolution
		HideSolutionNode = FALSE
	EndGlobalSection
	GlobalSection(ExtensibilityGlobals) = postSolution
		SolutionGuid = {775C39E5-B9FD-4D91-8ED6-91C4B4C15CA8}
	EndGlobalSection
EndGlobal
